{
  "name": "rename",
  "version": "1.0.0",
  "lockfileVersion": 3,
  "requires": true,
  "packages": {
    "": {
      "name": "rename",
      "version": "1.0.0",
      "license": "MIT",
      "dependencies": {
        "@abaplint/cli": "^2.113.34"
      }
    },
    "node_modules/@abaplint/cli": {
      "version": "2.113.34",
      "resolved": "https://registry.npmjs.org/@abaplint/cli/-/cli-2.113.34.tgz",
      "integrity": "sha512-ist07dqf2Vjh9i9VlBRZRkEbtcjK2Mn/VBHKcvxAIYPhYJbfV1gPbpECiemqu3cbFVfqwHl2LWSJOmknhdparA==",
      "bin": {
        "abaplint": "abaplint"
      },
      "engines": {
        "node": ">=12.0.0"
      },
      "funding": {
        "url": "https://github.com/sponsors/larshp"
      }
    }
  }
}
