{
  "name": "rename",
  "version": "1.0.0",
  "lockfileVersion": 3,
  "requires": true,
  "packages": {
    "": {
      "name": "rename",
      "version": "1.0.0",
      "license": "MIT",
      "dependencies": {
        "@abaplint/cli": "^2.113.100"
      }
    },
    "node_modules/@abaplint/cli": {
      "version": "2.113.100",
      "resolved": "https://registry.npmjs.org/@abaplint/cli/-/cli-2.113.100.tgz",
      "integrity": "sha512-WVIsmwBlVF0CrNdoqwNGrAHaHmi0nYLotfCjs1UMp/ltkw5uae7paJf9Dl79MpyhPwW584EXSPrsQKLLsOEUww==",
      "license": "MIT",
      "bin": {
        "abaplint": "abaplint"
      },
      "engines": {
        "node": ">=12.0.0"
      },
      "funding": {
        "url": "https://github.com/sponsors/larshp"
      }
    }
  }
}
