{
  "name": "rename",
  "version": "1.0.0",
  "lockfileVersion": 3,
  "requires": true,
  "packages": {
    "": {
      "name": "rename",
      "version": "1.0.0",
      "license": "MIT",
      "dependencies": {
        "@abaplint/cli": "^2.113.85"
      }
    },
    "node_modules/@abaplint/cli": {
      "version": "2.113.85",
      "resolved": "https://registry.npmjs.org/@abaplint/cli/-/cli-2.113.85.tgz",
      "integrity": "sha512-x4BYTI5VTOlRzQ8bX0hDCMA/E5Gsgc5cjXiqX8nfEvt4rP+amvLXz8tx0PcL0F+W+mGAyhVig1maI2J1aqqsqA==",
      "bin": {
        "abaplint": "abaplint"
      },
      "engines": {
        "node": ">=12.0.0"
      },
      "funding": {
        "url": "https://github.com/sponsors/larshp"
      }
    }
  }
}
